
Microsoft Visual Studio Solution File, Format Version 12.00
# Visual Studio Version 17
VisualStudioVersion = 17.5.33424.131
MinimumVisualStudioVersion = 10.0.40219.1
Project("{FAE04EC0-301F-11D3-BF4B-00C04F79EFBC}") = "Capitulo1", "Capitulo1\Capitulo1.csproj", "{616612A8-64FC-436F-913D-A2AF1BE7540E}"
EndProject
Global
	GlobalSection(SolutionConfigurationPlatforms) = preSolution
		Debug|Any CPU = Debug|Any CPU
		Release|Any CPU = Release|Any CPU
	EndGlobalSection
	GlobalSection(ProjectConfigurationPlatforms) = postSolution
		{616612A8-64FC-436F-913D-A2AF1BE7540E}.Debug|Any CPU.ActiveCfg = Debug|Any CPU
		{616612A8-64FC-436F-913D-A2AF1BE7540E}.Debug|Any CPU.Build.0 = Debug|Any CPU
		{616612A8-64FC-436F-913D-A2AF1BE7540E}.Release|Any CPU.ActiveCfg = Release|Any CPU
		{616612A8-64FC-436F-913D-A2AF1BE7540E}.Release|Any CPU.Build.0 = Release|Any CPU
	EndGlobalSection
	GlobalSection(SolutionProperties) = preSolution
		HideSolutionNode = FALSE
	EndGlobalSection
	GlobalSection(ExtensibilityGlobals) = postSolution
		SolutionGuid = {9ECDDE80-F8DD-4CBA-AB1A-B2B0C1DF7398}
	EndGlobalSection
EndGlobal
